
Microsoft Visual Studio Solution File, Format Version 12.00
# Visual Studio 15
VisualStudioVersion = 15.0.33403.129
MinimumVisualStudioVersion = 10.0.40219.1
Project("{D2ABAB84-BF74-430A-B69E-9DC6D40DDA17}") = "GlobalSuperStore_SSAS", "GlobalSuperStore_SSAS\GlobalSuperStore_SSAS.dwproj", "{1FA6CB86-BDCE-4074-8A93-7D1EC94C8707}"
EndProject
Global
	GlobalSection(SolutionConfigurationPlatforms) = preSolution
		Development|Default = Development|Default
	EndGlobalSection
	GlobalSection(ProjectConfigurationPlatforms) = postSolution
		{1FA6CB86-BDCE-4074-8A93-7D1EC94C8707}.Development|Default.ActiveCfg = Development
		{1FA6CB86-BDCE-4074-8A93-7D1EC94C8707}.Development|Default.Build.0 = Development
		{1FA6CB86-BDCE-4074-8A93-7D1EC94C8707}.Development|Default.Deploy.0 = Development
	EndGlobalSection
	GlobalSection(SolutionProperties) = preSolution
		HideSolutionNode = FALSE
	EndGlobalSection
	GlobalSection(ExtensibilityGlobals) = postSolution
		SolutionGuid = {D800EB5A-F283-46AB-8D0A-D36E9870DE7A}
	EndGlobalSection
EndGlobal
